
Microsoft Visual Studio Solution File, Format Version 12.00
Project("{2150E333-8FDC-42A3-9474-1A3956D46DE8}") = "Blazor", "Blazor", "{C96D73F8-0437-4B42-8257-F4676F49DACC}"
EndProject
Project("{FAE04EC0-301F-11D3-BF4B-00C04F79EFBC}") = "TodoTutorial", "Blazor\TodoTutorial\TodoTutorial.csproj", "{A7776337-9C8D-4E2D-83BF-4BE349CFC67F}"
EndProject
Project("{FAE04EC0-301F-11D3-BF4B-00C04F79EFBC}") = "BakeryStore", "Blazor\BakeryStore\BakeryStore.csproj", "{EAA2FC3E-420E-462E-8F93-D09BE34EAE22}"
EndProject
Project("{FAE04EC0-301F-11D3-BF4B-00C04F79EFBC}") = "LoginExample", "Blazor\LoginExample\LoginExample.csproj", "{F899148C-74F9-4504-967B-351619254409}"
EndProject
Project("{FAE04EC0-301F-11D3-BF4B-00C04F79EFBC}") = "TodoWithLogin", "Blazor\TodoWithLogin\TodoWithLogin.csproj", "{0DA2C343-28F9-445F-B917-580C70EF0785}"
EndProject
Project("{FAE04EC0-301F-11D3-BF4B-00C04F79EFBC}") = "TodoWithLoginFeature", "Blazor\TodoWithLoginFeature\TodoWithLoginFeature.csproj", "{63C60D7F-6271-4B10-B95F-6A81B570AAED}"
EndProject
Project("{2150E333-8FDC-42A3-9474-1A3956D46DE8}") = "Web-API", "Web-API", "{98121EEA-135A-4793-A510-EB038BB33042}"
EndProject
Project("{FAE04EC0-301F-11D3-BF4B-00C04F79EFBC}") = "FirstWebApplication", "FirstWebApplication\FirstWebApplication.csproj", "{3F8F1FCD-5D24-4D68-BD17-B2247A54E538}"
EndProject
Global
	GlobalSection(SolutionConfigurationPlatforms) = preSolution
		Debug|Any CPU = Debug|Any CPU
		Release|Any CPU = Release|Any CPU
	EndGlobalSection
	GlobalSection(ProjectConfigurationPlatforms) = postSolution
		{A7776337-9C8D-4E2D-83BF-4BE349CFC67F}.Debug|Any CPU.ActiveCfg = Debug|Any CPU
		{A7776337-9C8D-4E2D-83BF-4BE349CFC67F}.Debug|Any CPU.Build.0 = Debug|Any CPU
		{A7776337-9C8D-4E2D-83BF-4BE349CFC67F}.Release|Any CPU.ActiveCfg = Release|Any CPU
		{A7776337-9C8D-4E2D-83BF-4BE349CFC67F}.Release|Any CPU.Build.0 = Release|Any CPU
		{EAA2FC3E-420E-462E-8F93-D09BE34EAE22}.Debug|Any CPU.ActiveCfg = Debug|Any CPU
		{EAA2FC3E-420E-462E-8F93-D09BE34EAE22}.Debug|Any CPU.Build.0 = Debug|Any CPU
		{EAA2FC3E-420E-462E-8F93-D09BE34EAE22}.Release|Any CPU.ActiveCfg = Release|Any CPU
		{EAA2FC3E-420E-462E-8F93-D09BE34EAE22}.Release|Any CPU.Build.0 = Release|Any CPU
		{F899148C-74F9-4504-967B-351619254409}.Debug|Any CPU.ActiveCfg = Debug|Any CPU
		{F899148C-74F9-4504-967B-351619254409}.Debug|Any CPU.Build.0 = Debug|Any CPU
		{F899148C-74F9-4504-967B-351619254409}.Release|Any CPU.ActiveCfg = Release|Any CPU
		{F899148C-74F9-4504-967B-351619254409}.Release|Any CPU.Build.0 = Release|Any CPU
		{0DA2C343-28F9-445F-B917-580C70EF0785}.Debug|Any CPU.ActiveCfg = Debug|Any CPU
		{0DA2C343-28F9-445F-B917-580C70EF0785}.Debug|Any CPU.Build.0 = Debug|Any CPU
		{0DA2C343-28F9-445F-B917-580C70EF0785}.Release|Any CPU.ActiveCfg = Release|Any CPU
		{0DA2C343-28F9-445F-B917-580C70EF0785}.Release|Any CPU.Build.0 = Release|Any CPU
		{63C60D7F-6271-4B10-B95F-6A81B570AAED}.Debug|Any CPU.ActiveCfg = Debug|Any CPU
		{63C60D7F-6271-4B10-B95F-6A81B570AAED}.Debug|Any CPU.Build.0 = Debug|Any CPU
		{63C60D7F-6271-4B10-B95F-6A81B570AAED}.Release|Any CPU.ActiveCfg = Release|Any CPU
		{63C60D7F-6271-4B10-B95F-6A81B570AAED}.Release|Any CPU.Build.0 = Release|Any CPU
		{3F8F1FCD-5D24-4D68-BD17-B2247A54E538}.Debug|Any CPU.ActiveCfg = Debug|Any CPU
		{3F8F1FCD-5D24-4D68-BD17-B2247A54E538}.Debug|Any CPU.Build.0 = Debug|Any CPU
		{3F8F1FCD-5D24-4D68-BD17-B2247A54E538}.Release|Any CPU.ActiveCfg = Release|Any CPU
		{3F8F1FCD-5D24-4D68-BD17-B2247A54E538}.Release|Any CPU.Build.0 = Release|Any CPU
	EndGlobalSection
	GlobalSection(NestedProjects) = preSolution
		{A7776337-9C8D-4E2D-83BF-4BE349CFC67F} = {C96D73F8-0437-4B42-8257-F4676F49DACC}
		{EAA2FC3E-420E-462E-8F93-D09BE34EAE22} = {C96D73F8-0437-4B42-8257-F4676F49DACC}
		{F899148C-74F9-4504-967B-351619254409} = {C96D73F8-0437-4B42-8257-F4676F49DACC}
		{0DA2C343-28F9-445F-B917-580C70EF0785} = {C96D73F8-0437-4B42-8257-F4676F49DACC}
		{63C60D7F-6271-4B10-B95F-6A81B570AAED} = {C96D73F8-0437-4B42-8257-F4676F49DACC}
		{3F8F1FCD-5D24-4D68-BD17-B2247A54E538} = {98121EEA-135A-4793-A510-EB038BB33042}
	EndGlobalSection
EndGlobal
